// !$*UTF8*$!
{
	archiveVersion = 1;
	classes = {
	};
	objectVersion = 52;
	objects = {

/* Begin PBXBuildFile section */
		D85C031A24A1B281005A3B20 /* AppDelegate.swift in Sources */ = {isa = PBXBuildFile; fileRef = D85C031924A1B281005A3B20 /* AppDelegate.swift */; };
		D85C031C24A1B281005A3B20 /* SceneDelegate.swift in Sources */ = {isa = PBXBuildFile; fileRef = D85C031B24A1B281005A3B20 /* SceneDelegate.swift */; };
		D85C031E24A1B281005A3B20 /* ViewController.swift in Sources */ = {isa = PBXBuildFile; fileRef = D85C031D24A1B281005A3B20 /* ViewController.swift */; };
		D85C032124A1B281005A3B20 /* Main.storyboard in Resources */ = {isa = PBXBuildFile; fileRef = D85C031F24A1B281005A3B20 /* Main.storyboard */; };
		D85C032324A1B281005A3B20 /* Assets.xcassets in Resources */ = {isa = PBXBuildFile; fileRef = D85C032224A1B281005A3B20 /* Assets.xcassets */; };
		D85C032624A1B281005A3B20 /* LaunchScreen.storyboard in Resources */ = {isa = PBXBuildFile; fileRef = D85C032424A1B281005A3B20 /* LaunchScreen.storyboard */; };
		D85C032F24A1B3A6005A3B20 /* SocketIO in Frameworks */ = {isa = PBXBuildFile; productRef = D85C032E24A1B3A6005A3B20 /* SocketIO */; };
		D85C033124A279D4005A3B20 /* SocketIOManager.swift in Sources */ = {isa = PBXBuildFile; fileRef = D85C033024A279D4005A3B20 /* SocketIOManager.swift */; };
		D85C033324A3E02A005A3B20 /* BikeTrackerServer in Resources */ = {isa = PBXBuildFile; fileRef = D85C033224A3E02A005A3B20 /* BikeTrackerServer */; };
/* End PBXBuildFile section */

/* Begin PBXFileReference section */
		D85C031624A1B281005A3B20 /* BikeTracker.app */ = {isa = PBXFileReference; explicitFileType = wrapper.application; includeInIndex = 0; path = BikeTracker.app; sourceTree = BUILT_PRODUCTS_DIR; };
		D85C031924A1B281005A3B20 /* AppDelegate.swift */ = {isa = PBXFileReference; lastKnownFileType = sourcecode.swift; path = AppDelegate.swift; sourceTree = "<group>"; };
		D85C031B24A1B281005A3B20 /* SceneDelegate.swift */ = {isa = PBXFileReference; lastKnownFileType = sourcecode.swift; path = SceneDelegate.swift; sourceTree = "<group>"; };
		D85C031D24A1B281005A3B20 /* ViewController.swift */ = {isa = PBXFileReference; lastKnownFileType = sourcecode.swift; path = ViewController.swift; sourceTree = "<group>"; };
		D85C032024A1B281005A3B20 /* Base */ = {isa = PBXFileReference; lastKnownFileType = file.storyboard; name = Base; path = Base.lproj/Main.storyboard; sourceTree = "<group>"; };
		D85C032224A1B281005A3B20 /* Assets.xcassets */ = {isa = PBXFileReference; lastKnownFileType = folder.assetcatalog; path = Assets.xcassets; sourceTree = "<group>"; };
		D85C032524A1B281005A3B20 /* Base */ = {isa = PBXFileReference; lastKnownFileType = file.storyboard; name = Base; path = Base.lproj/LaunchScreen.storyboard; sourceTree = "<group>"; };
		D85C032724A1B281005A3B20 /* Info.plist */ = {isa = PBXFileReference; lastKnownFileType = text.plist.xml; path = Info.plist; sourceTree = "<group>"; };
		D85C033024A279D4005A3B20 /* SocketIOManager.swift */ = {isa = PBXFileReference; lastKnownFileType = sourcecode.swift; path = SocketIOManager.swift; sourceTree = "<group>"; };
		D85C033224A3E02A005A3B20 /* BikeTrackerServer */ = {isa = PBXFileReference; lastKnownFileType = folder; name = BikeTrackerServer; path = ../../Experiments/BikeTrackerServer; sourceTree = "<group>"; };
/* End PBXFileReference section */

/* Begin PBXFrameworksBuildPhase section */
		D85C031324A1B281005A3B20 /* Frameworks */ = {
			isa = PBXFrameworksBuildPhase;
			buildActionMask = 2147483647;
			files = (
				D85C032F24A1B3A6005A3B20 /* SocketIO in Frameworks */,
			);
			runOnlyForDeploymentPostprocessing = 0;
		};
/* End PBXFrameworksBuildPhase section */

/* Begin PBXGroup section */
		D85C030D24A1B281005A3B20 = {
			isa = PBXGroup;
			children = (
				D85C033224A3E02A005A3B20 /* BikeTrackerServer */,
				D85C031824A1B281005A3B20 /* BikeTracker */,
				D85C031724A1B281005A3B20 /* Products */,
			);
			sourceTree = "<group>";
		};
		D85C031724A1B281005A3B20 /* Products */ = {
			isa = PBXGroup;
			children = (
				D85C031624A1B281005A3B20 /* BikeTracker.app */,
			);
			name = Products;
			sourceTree = "<group>";
		};
		D85C031824A1B281005A3B20 /* BikeTracker */ = {
			isa = PBXGroup;
			children = (
				D85C031924A1B281005A3B20 /* AppDelegate.swift */,
				D85C031B24A1B281005A3B20 /* SceneDelegate.swift */,
				D85C031D24A1B281005A3B20 /* ViewController.swift */,
				D85C031F24A1B281005A3B20 /* Main.storyboard */,
				D85C032224A1B281005A3B20 /* Assets.xcassets */,
				D85C032424A1B281005A3B20 /* LaunchScreen.storyboard */,
				D85C032724A1B281005A3B20 /* Info.plist */,
				D85C033024A279D4005A3B20 /* SocketIOManager.swift */,
			);
			path = BikeTracker;
			sourceTree = "<group>";
		};
/* End PBXGroup section */

/* Begin PBXNativeTarget section */
		D85C031524A1B281005A3B20 /* BikeTracker */ = {
			isa = PBXNativeTarget;
			buildConfigurationList = D85C032A24A1B281005A3B20 /* Build configuration list for PBXNativeTarget "BikeTracker" */;
			buildPhases = (
				D85C031224A1B281005A3B20 /* Sources */,
				D85C031324A1B281005A3B20 /* Frameworks */,
				D85C031424A1B281005A3B20 /* Resources */,
			);
			buildRules = (
			);
			dependencies = (
			);
			name = BikeTracker;
			packageProductDependencies = (
				D85C032E24A1B3A6005A3B20 /* SocketIO */,
			);
			productName = BikeTracker;
			productReference = D85C031624A1B281005A3B20 /* BikeTracker.app */;
			productType = "com.apple.product-type.application";
		};
/* End PBXNativeTarget section */

/* Begin PBXProject section */
		D85C030E24A1B281005A3B20 /* Project object */ = {
			isa = PBXProject;
			attributes = {
				LastSwiftUpdateCheck = 1130;
				LastUpgradeCheck = 1130;
				ORGANIZATIONNAME = "Sanjith Udupa";
				TargetAttributes = {
					D85C031524A1B281005A3B20 = {
						CreatedOnToolsVersion = 11.3.1;
					};
				};
			};
			buildConfigurationList = D85C031124A1B281005A3B20 /* Build configuration list for PBXProject "BikeTracker" */;
			compatibilityVersion = "Xcode 9.3";
			developmentRegion = en;
			hasScannedForEncodings = 0;
			knownRegions = (
				en,
				Base,
			);
			mainGroup = D85C030D24A1B281005A3B20;
			packageReferences = (
				D85C032D24A1B3A6005A3B20 /* XCRemoteSwiftPackageReference "socket" */,
			);
			productRefGroup = D85C031724A1B281005A3B20 /* Products */;
			projectDirPath = "";
			projectRoot = "";
			targets = (
				D85C031524A1B281005A3B20 /* BikeTracker */,
			);
		};
/* End PBXProject section */

/* Begin PBXResourcesBuildPhase section */
		D85C031424A1B281005A3B20 /* Resources */ = {
			isa = PBXResourcesBuildPhase;
			buildActionMask = 2147483647;
			files = (
				D85C032624A1B281005A3B20 /* LaunchScreen.storyboard in Resources */,
				D85C032324A1B281005A3B20 /* Assets.xcassets in Resources */,
				D85C032124A1B281005A3B20 /* Main.storyboard in Resources */,
				D85C033324A3E02A005A3B20 /* BikeTrackerServer in Resources */,
			);
			runOnlyForDeploymentPostprocessing = 0;
		};
/* End PBXResourcesBuildPhase section */

/* Begin PBXSourcesBuildPhase section */
		D85C031224A1B281005A3B20 /* Sources */ = {
			isa = PBXSourcesBuildPhase;
			buildActionMask = 2147483647;
			files = (
				D85C033124A279D4005A3B20 /* SocketIOManager.swift in Sources */,
				D85C031E24A1B281005A3B20 /* ViewController.swift in Sources */,
				D85C031A24A1B281005A3B20 /* AppDelegate.swift in Sources */,
				D85C031C24A1B281005A3B20 /* SceneDelegate.swift in Sources */,
			);
			runOnlyForDeploymentPostprocessing = 0;
		};
/* End PBXSourcesBuildPhase section */

/* Begin PBXVariantGroup section */
		D85C031F24A1B281005A3B20 /* Main.storyboard */ = {
			isa = PBXVariantGroup;
			children = (
				D85C032024A1B281005A3B20 /* Base */,
			);
			name = Main.storyboard;
			sourceTree = "<group>";
		};
		D85C032424A1B281005A3B20 /* LaunchScreen.storyboard */ = {
			isa = PBXVariantGroup;
			children = (
				D85C032524A1B281005A3B20 /* Base */,
			);
			name = LaunchScreen.storyboard;
			sourceTree = "<group>";
		};
/* End PBXVariantGroup section */

/* Begin XCBuildConfiguration section */
		D85C032824A1B281005A3B20 /* Debug */ = {
			isa = XCBuildConfiguration;
			buildSettings = {
				ALWAYS_SEARCH_USER_PATHS = NO;
				CLANG_ANALYZER_NONNULL = YES;
				CLANG_ANALYZER_NUMBER_OBJECT_CONVERSION = YES_AGGRESSIVE;
				CLANG_CXX_LANGUAGE_STANDARD = "gnu++14";
				CLANG_CXX_LIBRARY = "libc++";
				CLANG_ENABLE_MODULES = YES;
				CLANG_ENABLE_OBJC_ARC = YES;
				CLANG_ENABLE_OBJC_WEAK = YES;
				CLANG_WARN_BLOCK_CAPTURE_AUTORELEASING = YES;
				CLANG_WARN_BOOL_CONVERSION = YES;
				CLANG_WARN_COMMA = YES;
				CLANG_WARN_CONSTANT_CONVERSION = YES;
				CLANG_WARN_DEPRECATED_OBJC_IMPLEMENTATIONS = YES;
				CLANG_WARN_DIRECT_OBJC_ISA_USAGE = YES_ERROR;
				CLANG_WARN_DOCUMENTATION_COMMENTS = YES;
				CLANG_WARN_EMPTY_BODY = YES;
				CLANG_WARN_ENUM_CONVERSION = YES;
				CLANG_WARN_INFINITE_RECURSION = YES;
				CLANG_WARN_INT_CONVERSION = YES;
				CLANG_WARN_NON_LITERAL_NULL_CONVERSION = YES;
				CLANG_WARN_OBJC_IMPLICIT_RETAIN_SELF = YES;
				CLANG_WARN_OBJC_LITERAL_CONVERSION = YES;
				CLANG_WARN_OBJC_ROOT_CLASS = YES_ERROR;
				CLANG_WARN_RANGE_LOOP_ANALYSIS = YES;
				CLANG_WARN_STRICT_PROTOTYPES = YES;
				CLANG_WARN_SUSPICIOUS_MOVE = YES;
				CLANG_WARN_UNGUARDED_AVAILABILITY = YES_AGGRESSIVE;
				CLANG_WARN_UNREACHABLE_CODE = YES;
				CLANG_WARN__DUPLICATE_METHOD_MATCH = YES;
				COPY_PHASE_STRIP = NO;
				DEBUG_INFORMATION_FORMAT = dwarf;
				ENABLE_STRICT_OBJC_MSGSEND = YES;
				ENABLE_TESTABILITY = YES;
				GCC_C_LANGUAGE_STANDARD = gnu11;
				GCC_DYNAMIC_NO_PIC = NO;
				GCC_NO_COMMON_BLOCKS = YES;
				GCC_OPTIMIZATION_LEVEL = 0;
				GCC_PREPROCESSOR_DEFINITIONS = (
					"DEBUG=1",
					"$(inherited)",
				);
				GCC_WARN_64_TO_32_BIT_CONVERSION = YES;
				GCC_WARN_ABOUT_RETURN_TYPE = YES_ERROR;
				GCC_WARN_UNDECLARED_SELECTOR = YES;
				GCC_WARN_UNINITIALIZED_AUTOS = YES_AGGRESSIVE;
				GCC_WARN_UNUSED_FUNCTION = YES;
				GCC_WARN_UNUSED_VARIABLE = YES;
				IPHONEOS_DEPLOYMENT_TARGET = 13.2;
				MTL_ENABLE_DEBUG_INFO = INCLUDE_SOURCE;
				MTL_FAST_MATH = YES;
				ONLY_ACTIVE_ARCH = YES;
				SDKROOT = iphoneos;
				SWIFT_ACTIVE_COMPILATION_CONDITIONS = DEBUG;
				SWIFT_OPTIMIZATION_LEVEL = "-Onone";
			};
			name = Debug;
		};
		D85C032924A1B281005A3B20 /* Release */ = {
			isa = XCBuildConfiguration;
			buildSettings = {
				ALWAYS_SEARCH_USER_PATHS = NO;
				CLANG_ANALYZER_NONNULL = YES;
				CLANG_ANALYZER_NUMBER_OBJECT_CONVERSION = YES_AGGRESSIVE;
				CLANG_CXX_LANGUAGE_STANDARD = "gnu++14";
				CLANG_CXX_LIBRARY = "libc++";
				CLANG_ENABLE_MODULES = YES;
				CLANG_ENABLE_OBJC_ARC = YES;
				CLANG_ENABLE_OBJC_WEAK = YES;
				CLANG_WARN_BLOCK_CAPTURE_AUTORELEASING = YES;
				CLANG_WARN_BOOL_CONVERSION = YES;
				CLANG_WARN_COMMA = YES;
				CLANG_WARN_CONSTANT_CONVERSION = YES;
				CLANG_WARN_DEPRECATED_OBJC_IMPLEMENTATIONS = YES;
				CLANG_WARN_DIRECT_OBJC_ISA_USAGE = YES_ERROR;
				CLANG_WARN_DOCUMENTATION_COMMENTS = YES;
				CLANG_WARN_EMPTY_BODY = YES;
				CLANG_WARN_ENUM_CONVERSION = YES;
				CLANG_WARN_INFINITE_RECURSION = YES;
				CLANG_WARN_INT_CONVERSION = YES;
				CLANG_WARN_NON_LITERAL_NULL_CONVERSION = YES;
				CLANG_WARN_OBJC_IMPLICIT_RETAIN_SELF = YES;
				CLANG_WARN_OBJC_LITERAL_CONVERSION = YES;
				CLANG_WARN_OBJC_ROOT_CLASS = YES_ERROR;
				CLANG_WARN_RANGE_LOOP_ANALYSIS = YES;
				CLANG_WARN_STRICT_PROTOTYPES = YES;
				CLANG_WARN_SUSPICIOUS_MOVE = YES;
				CLANG_WARN_UNGUARDED_AVAILABILITY = YES_AGGRESSIVE;
				CLANG_WARN_UNREACHABLE_CODE = YES;
				CLANG_WARN__DUPLICATE_METHOD_MATCH = YES;
				COPY_PHASE_STRIP = NO;
				DEBUG_INFORMATION_FORMAT = "dwarf-with-dsym";
				ENABLE_NS_ASSERTIONS = NO;
				ENABLE_STRICT_OBJC_MSGSEND = YES;
				GCC_C_LANGUAGE_STANDARD = gnu11;
				GCC_NO_COMMON_BLOCKS = YES;
				GCC_WARN_64_TO_32_BIT_CONVERSION = YES;
				GCC_WARN_ABOUT_RETURN_TYPE = YES_ERROR;
				GCC_WARN_UNDECLARED_SELECTOR = YES;
				GCC_WARN_UNINITIALIZED_AUTOS = YES_AGGRESSIVE;
				GCC_WARN_UNUSED_FUNCTION = YES;
				GCC_WARN_UNUSED_VARIABLE = YES;
				IPHONEOS_DEPLOYMENT_TARGET = 13.2;
				MTL_ENABLE_DEBUG_INFO = NO;
				MTL_FAST_MATH = YES;
				SDKROOT = iphoneos;
				SWIFT_COMPILATION_MODE = wholemodule;
				SWIFT_OPTIMIZATION_LEVEL = "-O";
				VALIDATE_PRODUCT = YES;
			};
			name = Release;
		};
		D85C032B24A1B281005A3B20 /* Debug */ = {
			isa = XCBuildConfiguration;
			buildSettings = {
				ASSETCATALOG_COMPILER_APPICON_NAME = AppIcon;
				CODE_SIGN_STYLE = Automatic;
				DEVELOPMENT_TEAM = BK3SK8G88N;
				INFOPLIST_FILE = BikeTracker/Info.plist;
				LD_RUNPATH_SEARCH_PATHS = (
					"$(inherited)",
					"@executable_path/Frameworks",
				);
				PRODUCT_BUNDLE_IDENTIFIER = com.sanjithudupa.BikeTracker;
				PRODUCT_NAME = "$(TARGET_NAME)";
				SWIFT_VERSION = 5.0;
				TARGETED_DEVICE_FAMILY = "1,2";
			};
			name = Debug;
		};
		D85C032C24A1B281005A3B20 /* Release */ = {
			isa = XCBuildConfiguration;
			buildSettings = {
				ASSETCATALOG_COMPILER_APPICON_NAME = AppIcon;
				CODE_SIGN_STYLE = Automatic;
				DEVELOPMENT_TEAM = BK3SK8G88N;
				INFOPLIST_FILE = BikeTracker/Info.plist;
				LD_RUNPATH_SEARCH_PATHS = (
					"$(inherited)",
					"@executable_path/Frameworks",
				);
				PRODUCT_BUNDLE_IDENTIFIER = com.sanjithudupa.BikeTracker;
				PRODUCT_NAME = "$(TARGET_NAME)";
				SWIFT_VERSION = 5.0;
				TARGETED_DEVICE_FAMILY = "1,2";
			};
			name = Release;
		};
/* End XCBuildConfiguration section */

/* Begin XCConfigurationList section */
		D85C031124A1B281005A3B20 /* Build configuration list for PBXProject "BikeTracker" */ = {
			isa = XCConfigurationList;
			buildConfigurations = (
				D85C032824A1B281005A3B20 /* Debug */,
				D85C032924A1B281005A3B20 /* Release */,
			);
			defaultConfigurationIsVisible = 0;
			defaultConfigurationName = Release;
		};
		D85C032A24A1B281005A3B20 /* Build configuration list for PBXNativeTarget "BikeTracker" */ = {
			isa = XCConfigurationList;
			buildConfigurations = (
				D85C032B24A1B281005A3B20 /* Debug */,
				D85C032C24A1B281005A3B20 /* Release */,
			);
			defaultConfigurationIsVisible = 0;
			defaultConfigurationName = Release;
		};
/* End XCConfigurationList section */

/* Begin XCRemoteSwiftPackageReference section */
		D85C032D24A1B3A6005A3B20 /* XCRemoteSwiftPackageReference "socket" */ = {
			isa = XCRemoteSwiftPackageReference;
			repositoryURL = "https://github.com/socketio/socket.io-client-swift";
			requirement = {
				kind = upToNextMajorVersion;
				minimumVersion = 15.2.0;
			};
		};
/* End XCRemoteSwiftPackageReference section */

/* Begin XCSwiftPackageProductDependency section */
		D85C032E24A1B3A6005A3B20 /* SocketIO */ = {
			isa = XCSwiftPackageProductDependency;
			package = D85C032D24A1B3A6005A3B20 /* XCRemoteSwiftPackageReference "socket" */;
			productName = SocketIO;
		};
/* End XCSwiftPackageProductDependency section */
	};
	rootObject = D85C030E24A1B281005A3B20 /* Project object */;
}
