// !$*UTF8*$!
{
	archiveVersion = 1;
	classes = {
	};
	objectVersion = 52;
	objects = {

/* Begin PBXBuildFile section */
		D8037A3F24A92534005F24EE /* RaceSummaryViewController.swift in Sources */ = {isa = PBXBuildFile; fileRef = D8037A3E24A92534005F24EE /* RaceSummaryViewController.swift */; };
		D81E060A25394615005D86B5 /* TrailFeed.swift in Sources */ = {isa = PBXBuildFile; fileRef = D81E060925394615005D86B5 /* TrailFeed.swift */; };
		D833E32524E30D570056AD31 /* RaceStats.swift in Sources */ = {isa = PBXBuildFile; fileRef = D833E32424E30D570056AD31 /* RaceStats.swift */; };
		D85C031A24A1B281005A3B20 /* AppDelegate.swift in Sources */ = {isa = PBXBuildFile; fileRef = D85C031924A1B281005A3B20 /* AppDelegate.swift */; };
		D85C031C24A1B281005A3B20 /* SceneDelegate.swift in Sources */ = {isa = PBXBuildFile; fileRef = D85C031B24A1B281005A3B20 /* SceneDelegate.swift */; };
		D85C031E24A1B281005A3B20 /* ViewController.swift in Sources */ = {isa = PBXBuildFile; fileRef = D85C031D24A1B281005A3B20 /* ViewController.swift */; };
		D85C032124A1B281005A3B20 /* Main.storyboard in Resources */ = {isa = PBXBuildFile; fileRef = D85C031F24A1B281005A3B20 /* Main.storyboard */; };
		D85C032324A1B281005A3B20 /* Assets.xcassets in Resources */ = {isa = PBXBuildFile; fileRef = D85C032224A1B281005A3B20 /* Assets.xcassets */; };
		D85C032624A1B281005A3B20 /* LaunchScreen.storyboard in Resources */ = {isa = PBXBuildFile; fileRef = D85C032424A1B281005A3B20 /* LaunchScreen.storyboard */; };
		D85C032F24A1B3A6005A3B20 /* SocketIO in Frameworks */ = {isa = PBXBuildFile; productRef = D85C032E24A1B3A6005A3B20 /* SocketIO */; };
		D85C033124A279D4005A3B20 /* SocketIOManager.swift in Sources */ = {isa = PBXBuildFile; fileRef = D85C033024A279D4005A3B20 /* SocketIOManager.swift */; };
		D85C033524A3E716005A3B20 /* RaceHostViewController.swift in Sources */ = {isa = PBXBuildFile; fileRef = D85C033424A3E716005A3B20 /* RaceHostViewController.swift */; };
		D86115DB24D7B421004187F9 /* EndpointSelector.swift in Sources */ = {isa = PBXBuildFile; fileRef = D86115DA24D7B421004187F9 /* EndpointSelector.swift */; };
		D86115DE24D8B508004187F9 /* MapMarker.swift in Sources */ = {isa = PBXBuildFile; fileRef = D86115DD24D8B508004187F9 /* MapMarker.swift */; };
		D870526324E6E7A000C488A3 /* RaceLobby.swift in Sources */ = {isa = PBXBuildFile; fileRef = D870526224E6E7A000C488A3 /* RaceLobby.swift */; };
		D870526624EAFC7400C488A3 /* RaceButtons.swift in Sources */ = {isa = PBXBuildFile; fileRef = D870526524EAFC7400C488A3 /* RaceButtons.swift */; };
		D883E9C32526CBE800CB4520 /* RaceButton.swift in Sources */ = {isa = PBXBuildFile; fileRef = D883E9C22526CBE800CB4520 /* RaceButton.swift */; };
		D883E9C525291D6E00CB4520 /* CodeInput.swift in Sources */ = {isa = PBXBuildFile; fileRef = D883E9C425291D6E00CB4520 /* CodeInput.swift */; };
		D8B8B4B524A50F0700AC7072 /* RaceMemberViewController.swift in Sources */ = {isa = PBXBuildFile; fileRef = D8B8B4B424A50F0700AC7072 /* RaceMemberViewController.swift */; };
		D8B8B4D024A7899200AC7072 /* RaceViewController.swift in Sources */ = {isa = PBXBuildFile; fileRef = D8B8B4CF24A7899200AC7072 /* RaceViewController.swift */; };
		D8C029E72538AE30009949BE /* ProfileView.swift in Sources */ = {isa = PBXBuildFile; fileRef = D8C029E62538AE30009949BE /* ProfileView.swift */; };
		D8C029E92538AEB1009949BE /* TabView.swift in Sources */ = {isa = PBXBuildFile; fileRef = D8C029E82538AEB1009949BE /* TabView.swift */; };
		D8C9EC9824AAE19300C7FA6D /* MapKit.framework in Frameworks */ = {isa = PBXBuildFile; fileRef = D8C9EC9724AAE19300C7FA6D /* MapKit.framework */; };
		D8C9EC9E24ABF74F00C7FA6D /* ConnectingViewController.swift in Sources */ = {isa = PBXBuildFile; fileRef = D8C9EC9D24ABF74F00C7FA6D /* ConnectingViewController.swift */; };
		D8F2D8E824CE4C1100C7207A /* Home.swift in Sources */ = {isa = PBXBuildFile; fileRef = D8F2D8E724CE4C1100C7207A /* Home.swift */; };
		D8F2D8ED24D25E4000C7207A /* RaceMap.swift in Sources */ = {isa = PBXBuildFile; fileRef = D8F2D8EC24D25E4000C7207A /* RaceMap.swift */; };
		D8F2D8EF24D26A9C00C7207A /* LocationManager.swift in Sources */ = {isa = PBXBuildFile; fileRef = D8F2D8EE24D26A9C00C7207A /* LocationManager.swift */; };
		D8F2D8F324D37D5E00C7207A /* CoreLocation.framework in Frameworks */ = {isa = PBXBuildFile; fileRef = D8F2D8F224D37D5E00C7207A /* CoreLocation.framework */; };
		D8F2D8F524D4F9FF00C7207A /* ConnectingView.swift in Sources */ = {isa = PBXBuildFile; fileRef = D8F2D8F424D4F9FF00C7207A /* ConnectingView.swift */; };
		D8F2D8F724D726C700C7207A /* AlertView.swift in Sources */ = {isa = PBXBuildFile; fileRef = D8F2D8F624D726C700C7207A /* AlertView.swift */; };
/* End PBXBuildFile section */

/* Begin PBXFileReference section */
		D8037A3E24A92534005F24EE /* RaceSummaryViewController.swift */ = {isa = PBXFileReference; lastKnownFileType = sourcecode.swift; path = RaceSummaryViewController.swift; sourceTree = "<group>"; };
		D81E060925394615005D86B5 /* TrailFeed.swift */ = {isa = PBXFileReference; lastKnownFileType = sourcecode.swift; path = TrailFeed.swift; sourceTree = "<group>"; };
		D833E32424E30D570056AD31 /* RaceStats.swift */ = {isa = PBXFileReference; lastKnownFileType = sourcecode.swift; path = RaceStats.swift; sourceTree = "<group>"; };
		D85C031624A1B281005A3B20 /* Race Me.app */ = {isa = PBXFileReference; explicitFileType = wrapper.application; includeInIndex = 0; path = "Race Me.app"; sourceTree = BUILT_PRODUCTS_DIR; };
		D85C031924A1B281005A3B20 /* AppDelegate.swift */ = {isa = PBXFileReference; lastKnownFileType = sourcecode.swift; path = AppDelegate.swift; sourceTree = "<group>"; };
		D85C031B24A1B281005A3B20 /* SceneDelegate.swift */ = {isa = PBXFileReference; lastKnownFileType = sourcecode.swift; path = SceneDelegate.swift; sourceTree = "<group>"; };
		D85C031D24A1B281005A3B20 /* ViewController.swift */ = {isa = PBXFileReference; lastKnownFileType = sourcecode.swift; path = ViewController.swift; sourceTree = "<group>"; };
		D85C032024A1B281005A3B20 /* Base */ = {isa = PBXFileReference; lastKnownFileType = file.storyboard; name = Base; path = Base.lproj/Main.storyboard; sourceTree = "<group>"; };
		D85C032224A1B281005A3B20 /* Assets.xcassets */ = {isa = PBXFileReference; lastKnownFileType = folder.assetcatalog; path = Assets.xcassets; sourceTree = "<group>"; };
		D85C032524A1B281005A3B20 /* Base */ = {isa = PBXFileReference; lastKnownFileType = file.storyboard; name = Base; path = Base.lproj/LaunchScreen.storyboard; sourceTree = "<group>"; };
		D85C032724A1B281005A3B20 /* Info.plist */ = {isa = PBXFileReference; lastKnownFileType = text.plist.xml; path = Info.plist; sourceTree = "<group>"; };
		D85C033024A279D4005A3B20 /* SocketIOManager.swift */ = {isa = PBXFileReference; lastKnownFileType = sourcecode.swift; path = SocketIOManager.swift; sourceTree = "<group>"; };
		D85C033424A3E716005A3B20 /* RaceHostViewController.swift */ = {isa = PBXFileReference; lastKnownFileType = sourcecode.swift; path = RaceHostViewController.swift; sourceTree = "<group>"; };
		D86115DA24D7B421004187F9 /* EndpointSelector.swift */ = {isa = PBXFileReference; lastKnownFileType = sourcecode.swift; path = EndpointSelector.swift; sourceTree = "<group>"; };
		D86115DD24D8B508004187F9 /* MapMarker.swift */ = {isa = PBXFileReference; lastKnownFileType = sourcecode.swift; path = MapMarker.swift; sourceTree = "<group>"; };
		D870526224E6E7A000C488A3 /* RaceLobby.swift */ = {isa = PBXFileReference; lastKnownFileType = sourcecode.swift; path = RaceLobby.swift; sourceTree = "<group>"; };
		D870526524EAFC7400C488A3 /* RaceButtons.swift */ = {isa = PBXFileReference; lastKnownFileType = sourcecode.swift; path = RaceButtons.swift; sourceTree = "<group>"; };
		D883E9C22526CBE800CB4520 /* RaceButton.swift */ = {isa = PBXFileReference; lastKnownFileType = sourcecode.swift; path = RaceButton.swift; sourceTree = "<group>"; };
		D883E9C425291D6E00CB4520 /* CodeInput.swift */ = {isa = PBXFileReference; lastKnownFileType = sourcecode.swift; path = CodeInput.swift; sourceTree = "<group>"; };
		D8B8B4B424A50F0700AC7072 /* RaceMemberViewController.swift */ = {isa = PBXFileReference; lastKnownFileType = sourcecode.swift; path = RaceMemberViewController.swift; sourceTree = "<group>"; };
		D8B8B4CF24A7899200AC7072 /* RaceViewController.swift */ = {isa = PBXFileReference; lastKnownFileType = sourcecode.swift; path = RaceViewController.swift; sourceTree = "<group>"; };
		D8C029E62538AE30009949BE /* ProfileView.swift */ = {isa = PBXFileReference; lastKnownFileType = sourcecode.swift; path = ProfileView.swift; sourceTree = "<group>"; };
		D8C029E82538AEB1009949BE /* TabView.swift */ = {isa = PBXFileReference; lastKnownFileType = sourcecode.swift; path = TabView.swift; sourceTree = "<group>"; };
		D8C9EC9724AAE19300C7FA6D /* MapKit.framework */ = {isa = PBXFileReference; lastKnownFileType = wrapper.framework; name = MapKit.framework; path = System/Library/Frameworks/MapKit.framework; sourceTree = SDKROOT; };
		D8C9EC9D24ABF74F00C7FA6D /* ConnectingViewController.swift */ = {isa = PBXFileReference; lastKnownFileType = sourcecode.swift; path = ConnectingViewController.swift; sourceTree = "<group>"; };
		D8F2D8E724CE4C1100C7207A /* Home.swift */ = {isa = PBXFileReference; lastKnownFileType = sourcecode.swift; path = Home.swift; sourceTree = "<group>"; };
		D8F2D8EC24D25E4000C7207A /* RaceMap.swift */ = {isa = PBXFileReference; lastKnownFileType = sourcecode.swift; path = RaceMap.swift; sourceTree = "<group>"; };
		D8F2D8EE24D26A9C00C7207A /* LocationManager.swift */ = {isa = PBXFileReference; lastKnownFileType = sourcecode.swift; path = LocationManager.swift; sourceTree = "<group>"; };
		D8F2D8F224D37D5E00C7207A /* CoreLocation.framework */ = {isa = PBXFileReference; lastKnownFileType = wrapper.framework; name = CoreLocation.framework; path = System/Library/Frameworks/CoreLocation.framework; sourceTree = SDKROOT; };
		D8F2D8F424D4F9FF00C7207A /* ConnectingView.swift */ = {isa = PBXFileReference; lastKnownFileType = sourcecode.swift; path = ConnectingView.swift; sourceTree = "<group>"; };
		D8F2D8F624D726C700C7207A /* AlertView.swift */ = {isa = PBXFileReference; lastKnownFileType = sourcecode.swift; path = AlertView.swift; sourceTree = "<group>"; };
/* End PBXFileReference section */

/* Begin PBXFrameworksBuildPhase section */
		D85C031324A1B281005A3B20 /* Frameworks */ = {
			isa = PBXFrameworksBuildPhase;
			buildActionMask = 2147483647;
			files = (
				D8F2D8F324D37D5E00C7207A /* CoreLocation.framework in Frameworks */,
				D8C9EC9824AAE19300C7FA6D /* MapKit.framework in Frameworks */,
				D85C032F24A1B3A6005A3B20 /* SocketIO in Frameworks */,
			);
			runOnlyForDeploymentPostprocessing = 0;
		};
/* End PBXFrameworksBuildPhase section */

/* Begin PBXGroup section */
		D85C030D24A1B281005A3B20 = {
			isa = PBXGroup;
			children = (
				D85C031824A1B281005A3B20 /* BikeTracker */,
				D85C031724A1B281005A3B20 /* Products */,
				D8C9EC9624AAE19300C7FA6D /* Frameworks */,
			);
			sourceTree = "<group>";
		};
		D85C031724A1B281005A3B20 /* Products */ = {
			isa = PBXGroup;
			children = (
				D85C031624A1B281005A3B20 /* Race Me.app */,
			);
			name = Products;
			sourceTree = "<group>";
		};
		D85C031824A1B281005A3B20 /* BikeTracker */ = {
			isa = PBXGroup;
			children = (
				D85C032724A1B281005A3B20 /* Info.plist */,
				D85C032224A1B281005A3B20 /* Assets.xcassets */,
				D85C032424A1B281005A3B20 /* LaunchScreen.storyboard */,
				D8F2D8F824D78DBC00C7207A /* Old ViewControllers */,
				D8F2D8F924D78E0C00C7207A /* Managers */,
				D8F2D8FA24D78E4E00C7207A /* SwiftUI Views */,
				D85C031924A1B281005A3B20 /* AppDelegate.swift */,
				D85C031B24A1B281005A3B20 /* SceneDelegate.swift */,
			);
			path = BikeTracker;
			sourceTree = "<group>";
		};
		D86115DC24D8B4F1004187F9 /* Maps */ = {
			isa = PBXGroup;
			children = (
				D86115DA24D7B421004187F9 /* EndpointSelector.swift */,
				D8F2D8EC24D25E4000C7207A /* RaceMap.swift */,
				D86115DD24D8B508004187F9 /* MapMarker.swift */,
			);
			path = Maps;
			sourceTree = "<group>";
		};
		D870526424E7415800C488A3 /* Overlay Views */ = {
			isa = PBXGroup;
			children = (
				D8F2D8F424D4F9FF00C7207A /* ConnectingView.swift */,
				D8F2D8F624D726C700C7207A /* AlertView.swift */,
				D870526524EAFC7400C488A3 /* RaceButtons.swift */,
			);
			path = "Overlay Views";
			sourceTree = "<group>";
		};
		D8C029EA2538AF27009949BE /* Race Views */ = {
			isa = PBXGroup;
			children = (
				D870526224E6E7A000C488A3 /* RaceLobby.swift */,
				D833E32424E30D570056AD31 /* RaceStats.swift */,
			);
			path = "Race Views";
			sourceTree = "<group>";
		};
		D8C029EB2538AF76009949BE /* Home */ = {
			isa = PBXGroup;
			children = (
				D8F2D8E724CE4C1100C7207A /* Home.swift */,
				D883E9C22526CBE800CB4520 /* RaceButton.swift */,
				D883E9C425291D6E00CB4520 /* CodeInput.swift */,
				D8C029E62538AE30009949BE /* ProfileView.swift */,
				D8C029E82538AEB1009949BE /* TabView.swift */,
				D81E060925394615005D86B5 /* TrailFeed.swift */,
			);
			path = Home;
			sourceTree = "<group>";
		};
		D8C9EC9624AAE19300C7FA6D /* Frameworks */ = {
			isa = PBXGroup;
			children = (
				D8F2D8F224D37D5E00C7207A /* CoreLocation.framework */,
				D8C9EC9724AAE19300C7FA6D /* MapKit.framework */,
			);
			name = Frameworks;
			sourceTree = "<group>";
		};
		D8F2D8F824D78DBC00C7207A /* Old ViewControllers */ = {
			isa = PBXGroup;
			children = (
				D85C031D24A1B281005A3B20 /* ViewController.swift */,
				D8B8B4CF24A7899200AC7072 /* RaceViewController.swift */,
				D8037A3E24A92534005F24EE /* RaceSummaryViewController.swift */,
				D8B8B4B424A50F0700AC7072 /* RaceMemberViewController.swift */,
				D85C033424A3E716005A3B20 /* RaceHostViewController.swift */,
				D8C9EC9D24ABF74F00C7FA6D /* ConnectingViewController.swift */,
				D85C031F24A1B281005A3B20 /* Main.storyboard */,
			);
			path = "Old ViewControllers";
			sourceTree = "<group>";
		};
		D8F2D8F924D78E0C00C7207A /* Managers */ = {
			isa = PBXGroup;
			children = (
				D85C033024A279D4005A3B20 /* SocketIOManager.swift */,
				D8F2D8EE24D26A9C00C7207A /* LocationManager.swift */,
			);
			path = Managers;
			sourceTree = "<group>";
		};
		D8F2D8FA24D78E4E00C7207A /* SwiftUI Views */ = {
			isa = PBXGroup;
			children = (
				D8C029EB2538AF76009949BE /* Home */,
				D8C029EA2538AF27009949BE /* Race Views */,
				D870526424E7415800C488A3 /* Overlay Views */,
				D86115DC24D8B4F1004187F9 /* Maps */,
			);
			path = "SwiftUI Views";
			sourceTree = "<group>";
		};
/* End PBXGroup section */

/* Begin PBXNativeTarget section */
		D85C031524A1B281005A3B20 /* BikeTracker */ = {
			isa = PBXNativeTarget;
			buildConfigurationList = D85C032A24A1B281005A3B20 /* Build configuration list for PBXNativeTarget "BikeTracker" */;
			buildPhases = (
				D85C031224A1B281005A3B20 /* Sources */,
				D85C031324A1B281005A3B20 /* Frameworks */,
				D85C031424A1B281005A3B20 /* Resources */,
			);
			buildRules = (
			);
			dependencies = (
			);
			name = BikeTracker;
			packageProductDependencies = (
				D85C032E24A1B3A6005A3B20 /* SocketIO */,
			);
			productName = BikeTracker;
			productReference = D85C031624A1B281005A3B20 /* Race Me.app */;
			productType = "com.apple.product-type.application";
		};
/* End PBXNativeTarget section */

/* Begin PBXProject section */
		D85C030E24A1B281005A3B20 /* Project object */ = {
			isa = PBXProject;
			attributes = {
				LastSwiftUpdateCheck = 1130;
				LastUpgradeCheck = 1130;
				ORGANIZATIONNAME = "Sanjith Udupa";
				TargetAttributes = {
					D85C031524A1B281005A3B20 = {
						CreatedOnToolsVersion = 11.3.1;
					};
				};
			};
			buildConfigurationList = D85C031124A1B281005A3B20 /* Build configuration list for PBXProject "BikeTracker" */;
			compatibilityVersion = "Xcode 9.3";
			developmentRegion = en;
			hasScannedForEncodings = 0;
			knownRegions = (
				en,
				Base,
			);
			mainGroup = D85C030D24A1B281005A3B20;
			packageReferences = (
				D85C032D24A1B3A6005A3B20 /* XCRemoteSwiftPackageReference "socket" */,
			);
			productRefGroup = D85C031724A1B281005A3B20 /* Products */;
			projectDirPath = "";
			projectRoot = "";
			targets = (
				D85C031524A1B281005A3B20 /* BikeTracker */,
			);
		};
/* End PBXProject section */

/* Begin PBXResourcesBuildPhase section */
		D85C031424A1B281005A3B20 /* Resources */ = {
			isa = PBXResourcesBuildPhase;
			buildActionMask = 2147483647;
			files = (
				D85C032624A1B281005A3B20 /* LaunchScreen.storyboard in Resources */,
				D85C032324A1B281005A3B20 /* Assets.xcassets in Resources */,
				D85C032124A1B281005A3B20 /* Main.storyboard in Resources */,
			);
			runOnlyForDeploymentPostprocessing = 0;
		};
/* End PBXResourcesBuildPhase section */

/* Begin PBXSourcesBuildPhase section */
		D85C031224A1B281005A3B20 /* Sources */ = {
			isa = PBXSourcesBuildPhase;
			buildActionMask = 2147483647;
			files = (
				D85C033124A279D4005A3B20 /* SocketIOManager.swift in Sources */,
				D85C031E24A1B281005A3B20 /* ViewController.swift in Sources */,
				D883E9C32526CBE800CB4520 /* RaceButton.swift in Sources */,
				D8F2D8F524D4F9FF00C7207A /* ConnectingView.swift in Sources */,
				D8C9EC9E24ABF74F00C7FA6D /* ConnectingViewController.swift in Sources */,
				D8037A3F24A92534005F24EE /* RaceSummaryViewController.swift in Sources */,
				D8B8B4D024A7899200AC7072 /* RaceViewController.swift in Sources */,
				D85C031A24A1B281005A3B20 /* AppDelegate.swift in Sources */,
				D86115DB24D7B421004187F9 /* EndpointSelector.swift in Sources */,
				D8F2D8E824CE4C1100C7207A /* Home.swift in Sources */,
				D81E060A25394615005D86B5 /* TrailFeed.swift in Sources */,
				D8F2D8ED24D25E4000C7207A /* RaceMap.swift in Sources */,
				D86115DE24D8B508004187F9 /* MapMarker.swift in Sources */,
				D883E9C525291D6E00CB4520 /* CodeInput.swift in Sources */,
				D833E32524E30D570056AD31 /* RaceStats.swift in Sources */,
				D8F2D8F724D726C700C7207A /* AlertView.swift in Sources */,
				D8F2D8EF24D26A9C00C7207A /* LocationManager.swift in Sources */,
				D870526324E6E7A000C488A3 /* RaceLobby.swift in Sources */,
				D8C029E72538AE30009949BE /* ProfileView.swift in Sources */,
				D8B8B4B524A50F0700AC7072 /* RaceMemberViewController.swift in Sources */,
				D85C033524A3E716005A3B20 /* RaceHostViewController.swift in Sources */,
				D8C029E92538AEB1009949BE /* TabView.swift in Sources */,
				D85C031C24A1B281005A3B20 /* SceneDelegate.swift in Sources */,
				D870526624EAFC7400C488A3 /* RaceButtons.swift in Sources */,
			);
			runOnlyForDeploymentPostprocessing = 0;
		};
/* End PBXSourcesBuildPhase section */

/* Begin PBXVariantGroup section */
		D85C031F24A1B281005A3B20 /* Main.storyboard */ = {
			isa = PBXVariantGroup;
			children = (
				D85C032024A1B281005A3B20 /* Base */,
			);
			name = Main.storyboard;
			sourceTree = "<group>";
		};
		D85C032424A1B281005A3B20 /* LaunchScreen.storyboard */ = {
			isa = PBXVariantGroup;
			children = (
				D85C032524A1B281005A3B20 /* Base */,
			);
			name = LaunchScreen.storyboard;
			sourceTree = "<group>";
		};
/* End PBXVariantGroup section */

/* Begin XCBuildConfiguration section */
		D85C032824A1B281005A3B20 /* Debug */ = {
			isa = XCBuildConfiguration;
			buildSettings = {
				ALWAYS_SEARCH_USER_PATHS = NO;
				CLANG_ANALYZER_NONNULL = YES;
				CLANG_ANALYZER_NUMBER_OBJECT_CONVERSION = YES_AGGRESSIVE;
				CLANG_CXX_LANGUAGE_STANDARD = "gnu++14";
				CLANG_CXX_LIBRARY = "libc++";
				CLANG_ENABLE_MODULES = YES;
				CLANG_ENABLE_OBJC_ARC = YES;
				CLANG_ENABLE_OBJC_WEAK = YES;
				CLANG_WARN_BLOCK_CAPTURE_AUTORELEASING = YES;
				CLANG_WARN_BOOL_CONVERSION = YES;
				CLANG_WARN_COMMA = YES;
				CLANG_WARN_CONSTANT_CONVERSION = YES;
				CLANG_WARN_DEPRECATED_OBJC_IMPLEMENTATIONS = YES;
				CLANG_WARN_DIRECT_OBJC_ISA_USAGE = YES_ERROR;
				CLANG_WARN_DOCUMENTATION_COMMENTS = YES;
				CLANG_WARN_EMPTY_BODY = YES;
				CLANG_WARN_ENUM_CONVERSION = YES;
				CLANG_WARN_INFINITE_RECURSION = YES;
				CLANG_WARN_INT_CONVERSION = YES;
				CLANG_WARN_NON_LITERAL_NULL_CONVERSION = YES;
				CLANG_WARN_OBJC_IMPLICIT_RETAIN_SELF = YES;
				CLANG_WARN_OBJC_LITERAL_CONVERSION = YES;
				CLANG_WARN_OBJC_ROOT_CLASS = YES_ERROR;
				CLANG_WARN_RANGE_LOOP_ANALYSIS = YES;
				CLANG_WARN_STRICT_PROTOTYPES = YES;
				CLANG_WARN_SUSPICIOUS_MOVE = YES;
				CLANG_WARN_UNGUARDED_AVAILABILITY = YES_AGGRESSIVE;
				CLANG_WARN_UNREACHABLE_CODE = YES;
				CLANG_WARN__DUPLICATE_METHOD_MATCH = YES;
				COPY_PHASE_STRIP = NO;
				DEBUG_INFORMATION_FORMAT = dwarf;
				ENABLE_STRICT_OBJC_MSGSEND = YES;
				ENABLE_TESTABILITY = YES;
				GCC_C_LANGUAGE_STANDARD = gnu11;
				GCC_DYNAMIC_NO_PIC = NO;
				GCC_NO_COMMON_BLOCKS = YES;
				GCC_OPTIMIZATION_LEVEL = 0;
				GCC_PREPROCESSOR_DEFINITIONS = (
					"DEBUG=1",
					"$(inherited)",
				);
				GCC_WARN_64_TO_32_BIT_CONVERSION = YES;
				GCC_WARN_ABOUT_RETURN_TYPE = YES_ERROR;
				GCC_WARN_UNDECLARED_SELECTOR = YES;
				GCC_WARN_UNINITIALIZED_AUTOS = YES_AGGRESSIVE;
				GCC_WARN_UNUSED_FUNCTION = YES;
				GCC_WARN_UNUSED_VARIABLE = YES;
				IPHONEOS_DEPLOYMENT_TARGET = 13.2;
				MTL_ENABLE_DEBUG_INFO = INCLUDE_SOURCE;
				MTL_FAST_MATH = YES;
				ONLY_ACTIVE_ARCH = YES;
				SDKROOT = iphoneos;
				SWIFT_ACTIVE_COMPILATION_CONDITIONS = DEBUG;
				SWIFT_OPTIMIZATION_LEVEL = "-Onone";
			};
			name = Debug;
		};
		D85C032924A1B281005A3B20 /* Release */ = {
			isa = XCBuildConfiguration;
			buildSettings = {
				ALWAYS_SEARCH_USER_PATHS = NO;
				CLANG_ANALYZER_NONNULL = YES;
				CLANG_ANALYZER_NUMBER_OBJECT_CONVERSION = YES_AGGRESSIVE;
				CLANG_CXX_LANGUAGE_STANDARD = "gnu++14";
				CLANG_CXX_LIBRARY = "libc++";
				CLANG_ENABLE_MODULES = YES;
				CLANG_ENABLE_OBJC_ARC = YES;
				CLANG_ENABLE_OBJC_WEAK = YES;
				CLANG_WARN_BLOCK_CAPTURE_AUTORELEASING = YES;
				CLANG_WARN_BOOL_CONVERSION = YES;
				CLANG_WARN_COMMA = YES;
				CLANG_WARN_CONSTANT_CONVERSION = YES;
				CLANG_WARN_DEPRECATED_OBJC_IMPLEMENTATIONS = YES;
				CLANG_WARN_DIRECT_OBJC_ISA_USAGE = YES_ERROR;
				CLANG_WARN_DOCUMENTATION_COMMENTS = YES;
				CLANG_WARN_EMPTY_BODY = YES;
				CLANG_WARN_ENUM_CONVERSION = YES;
				CLANG_WARN_INFINITE_RECURSION = YES;
				CLANG_WARN_INT_CONVERSION = YES;
				CLANG_WARN_NON_LITERAL_NULL_CONVERSION = YES;
				CLANG_WARN_OBJC_IMPLICIT_RETAIN_SELF = YES;
				CLANG_WARN_OBJC_LITERAL_CONVERSION = YES;
				CLANG_WARN_OBJC_ROOT_CLASS = YES_ERROR;
				CLANG_WARN_RANGE_LOOP_ANALYSIS = YES;
				CLANG_WARN_STRICT_PROTOTYPES = YES;
				CLANG_WARN_SUSPICIOUS_MOVE = YES;
				CLANG_WARN_UNGUARDED_AVAILABILITY = YES_AGGRESSIVE;
				CLANG_WARN_UNREACHABLE_CODE = YES;
				CLANG_WARN__DUPLICATE_METHOD_MATCH = YES;
				COPY_PHASE_STRIP = NO;
				DEBUG_INFORMATION_FORMAT = "dwarf-with-dsym";
				ENABLE_NS_ASSERTIONS = NO;
				ENABLE_STRICT_OBJC_MSGSEND = YES;
				GCC_C_LANGUAGE_STANDARD = gnu11;
				GCC_NO_COMMON_BLOCKS = YES;
				GCC_WARN_64_TO_32_BIT_CONVERSION = YES;
				GCC_WARN_ABOUT_RETURN_TYPE = YES_ERROR;
				GCC_WARN_UNDECLARED_SELECTOR = YES;
				GCC_WARN_UNINITIALIZED_AUTOS = YES_AGGRESSIVE;
				GCC_WARN_UNUSED_FUNCTION = YES;
				GCC_WARN_UNUSED_VARIABLE = YES;
				IPHONEOS_DEPLOYMENT_TARGET = 13.2;
				MTL_ENABLE_DEBUG_INFO = NO;
				MTL_FAST_MATH = YES;
				SDKROOT = iphoneos;
				SWIFT_COMPILATION_MODE = wholemodule;
				SWIFT_OPTIMIZATION_LEVEL = "-O";
				VALIDATE_PRODUCT = YES;
			};
			name = Release;
		};
		D85C032B24A1B281005A3B20 /* Debug */ = {
			isa = XCBuildConfiguration;
			buildSettings = {
				ASSETCATALOG_COMPILER_APPICON_NAME = AppIcon;
				CODE_SIGN_STYLE = Automatic;
				DEVELOPMENT_TEAM = 7WX55WJZC8;
				INFOPLIST_FILE = BikeTracker/Info.plist;
				IPHONEOS_DEPLOYMENT_TARGET = 13.0;
				LD_RUNPATH_SEARCH_PATHS = (
					"$(inherited)",
					"@executable_path/Frameworks",
				);
				PRODUCT_BUNDLE_IDENTIFIER = com.hiriudupa.BikeTracker;
				PRODUCT_NAME = "Race Me";
				SWIFT_VERSION = 5.0;
				TARGETED_DEVICE_FAMILY = "1,2";
			};
			name = Debug;
		};
		D85C032C24A1B281005A3B20 /* Release */ = {
			isa = XCBuildConfiguration;
			buildSettings = {
				ASSETCATALOG_COMPILER_APPICON_NAME = AppIcon;
				CODE_SIGN_STYLE = Automatic;
				DEVELOPMENT_TEAM = 7WX55WJZC8;
				INFOPLIST_FILE = BikeTracker/Info.plist;
				IPHONEOS_DEPLOYMENT_TARGET = 13.0;
				LD_RUNPATH_SEARCH_PATHS = (
					"$(inherited)",
					"@executable_path/Frameworks",
				);
				PRODUCT_BUNDLE_IDENTIFIER = com.hiriudupa.BikeTracker;
				PRODUCT_NAME = "Race Me";
				SWIFT_VERSION = 5.0;
				TARGETED_DEVICE_FAMILY = "1,2";
			};
			name = Release;
		};
/* End XCBuildConfiguration section */

/* Begin XCConfigurationList section */
		D85C031124A1B281005A3B20 /* Build configuration list for PBXProject "BikeTracker" */ = {
			isa = XCConfigurationList;
			buildConfigurations = (
				D85C032824A1B281005A3B20 /* Debug */,
				D85C032924A1B281005A3B20 /* Release */,
			);
			defaultConfigurationIsVisible = 0;
			defaultConfigurationName = Release;
		};
		D85C032A24A1B281005A3B20 /* Build configuration list for PBXNativeTarget "BikeTracker" */ = {
			isa = XCConfigurationList;
			buildConfigurations = (
				D85C032B24A1B281005A3B20 /* Debug */,
				D85C032C24A1B281005A3B20 /* Release */,
			);
			defaultConfigurationIsVisible = 0;
			defaultConfigurationName = Release;
		};
/* End XCConfigurationList section */

/* Begin XCRemoteSwiftPackageReference section */
		D85C032D24A1B3A6005A3B20 /* XCRemoteSwiftPackageReference "socket" */ = {
			isa = XCRemoteSwiftPackageReference;
			repositoryURL = "https://github.com/socketio/socket.io-client-swift";
			requirement = {
				kind = upToNextMajorVersion;
				minimumVersion = 15.2.0;
			};
		};
/* End XCRemoteSwiftPackageReference section */

/* Begin XCSwiftPackageProductDependency section */
		D85C032E24A1B3A6005A3B20 /* SocketIO */ = {
			isa = XCSwiftPackageProductDependency;
			package = D85C032D24A1B3A6005A3B20 /* XCRemoteSwiftPackageReference "socket" */;
			productName = SocketIO;
		};
/* End XCSwiftPackageProductDependency section */
	};
	rootObject = D85C030E24A1B281005A3B20 /* Project object */;
}
